
Microsoft Visual Studio Solution File, Format Version 12.00
Project("{FAE04EC0-301F-11D3-BF4B-00C04F79EFBC}") = "MatrixPreviewBot", "MatrixPreviewBot\MatrixPreviewBot.csproj", "{EF933E9F-9B3F-4304-93FD-893A33D2C2B5}"
EndProject
Global
	GlobalSection(SolutionConfigurationPlatforms) = preSolution
		Debug|Any CPU = Debug|Any CPU
		Release|Any CPU = Release|Any CPU
	EndGlobalSection
	GlobalSection(ProjectConfigurationPlatforms) = postSolution
		{EF933E9F-9B3F-4304-93FD-893A33D2C2B5}.Debug|Any CPU.ActiveCfg = Debug|Any CPU
		{EF933E9F-9B3F-4304-93FD-893A33D2C2B5}.Debug|Any CPU.Build.0 = Debug|Any CPU
		{EF933E9F-9B3F-4304-93FD-893A33D2C2B5}.Release|Any CPU.ActiveCfg = Release|Any CPU
		{EF933E9F-9B3F-4304-93FD-893A33D2C2B5}.Release|Any CPU.Build.0 = Release|Any CPU
	EndGlobalSection
EndGlobal
